
Microsoft Visual Studio Solution File, Format Version 12.00
# Visual Studio Version 16
VisualStudioVersion = 16.0.33328.57
MinimumVisualStudioVersion = 10.0.40219.1
Project("{FAE04EC0-301F-11D3-BF4B-00C04F79EFBC}") = "PasswordGenerator", "PasswordGenerator\PasswordGenerator.csproj", "{D2ECF96E-E2DF-4795-87C6-ECC872AF1078}"
EndProject
Global
	GlobalSection(SolutionConfigurationPlatforms) = preSolution
		Debug|Any CPU = Debug|Any CPU
		Release|Any CPU = Release|Any CPU
	EndGlobalSection
	GlobalSection(ProjectConfigurationPlatforms) = postSolution
		{D2ECF96E-E2DF-4795-87C6-ECC872AF1078}.Debug|Any CPU.ActiveCfg = Debug|Any CPU
		{D2ECF96E-E2DF-4795-87C6-ECC872AF1078}.Debug|Any CPU.Build.0 = Debug|Any CPU
		{D2ECF96E-E2DF-4795-87C6-ECC872AF1078}.Release|Any CPU.ActiveCfg = Release|Any CPU
		{D2ECF96E-E2DF-4795-87C6-ECC872AF1078}.Release|Any CPU.Build.0 = Release|Any CPU
	EndGlobalSection
	GlobalSection(SolutionProperties) = preSolution
		HideSolutionNode = FALSE
	EndGlobalSection
	GlobalSection(ExtensibilityGlobals) = postSolution
		SolutionGuid = {F6D718CE-FFA4-4390-A8A8-C79A2755175A}
	EndGlobalSection
EndGlobal
